
Microsoft Visual Studio Solution File, Format Version 12.00
# Visual Studio Version 16
VisualStudioVersion = 16.0.29613.14
MinimumVisualStudioVersion = 10.0.40219.1
Project("{9A19103F-16F7-4668-BE54-9A1E7A4F7556}") = "Tuesday-7", "Tuesday-7.csproj", "{54424818-959E-4FD6-ADAC-7973BCF8F93D}"
EndProject
Global
	GlobalSection(SolutionConfigurationPlatforms) = preSolution
		Debug|Any CPU = Debug|Any CPU
		Release|Any CPU = Release|Any CPU
	EndGlobalSection
	GlobalSection(ProjectConfigurationPlatforms) = postSolution
		{54424818-959E-4FD6-ADAC-7973BCF8F93D}.Debug|Any CPU.ActiveCfg = Debug|Any CPU
		{54424818-959E-4FD6-ADAC-7973BCF8F93D}.Debug|Any CPU.Build.0 = Debug|Any CPU
		{54424818-959E-4FD6-ADAC-7973BCF8F93D}.Release|Any CPU.ActiveCfg = Release|Any CPU
		{54424818-959E-4FD6-ADAC-7973BCF8F93D}.Release|Any CPU.Build.0 = Release|Any CPU
	EndGlobalSection
	GlobalSection(SolutionProperties) = preSolution
		HideSolutionNode = FALSE
	EndGlobalSection
	GlobalSection(ExtensibilityGlobals) = postSolution
		SolutionGuid = {F463360E-63D7-4DCC-9CC5-17BA550E856E}
	EndGlobalSection
EndGlobal
